github.com/opentelekomcloud-community/otc-api-sign-sdk-go v0.0.0-20251112091753-b8b34d231d68 h1:ivdqf6kzAme+qb87cbXMcCY2R+edqvthEs8i6bMIT68=
github.com/opentelekomcloud-community/otc-api-sign-sdk-go v0.0.0-20251112091753-b8b34d231d68/go.mod h1:gW0TbTc11dCAVl3oUYqEtTq6fjMeYE+S2VseInZbVIw=
github.com/opentelekomcloud-community/otc-api-sign-sdk-go/core v0.0.0-20251112091753-b8b34d231d68 h1:bP9eBfAaphd5JFTb79UzE19SbzSkTZpx+hsZTH0Jujc=
github.com/opentelekomcloud-community/otc-api-sign-sdk-go/core v0.0.0-20251112091753-b8b34d231d68/go.mod h1:DaJguhVClz84AWVNMWGrTqwBWsUj9QzEEWWivp9qb1g=
